// !$*UTF8*$!
{
	archiveVersion = 1;
	classes = {
	};
	objectVersion = 50;
	objects = {

/* Begin PBXBuildFile section */
		9E90192E23A0A1BF0088055E /* AppDelegate.swift in Sources */ = {isa = PBXBuildFile; fileRef = 9E90192D23A0A1BF0088055E /* AppDelegate.swift */; };
		9E90193223A0A1BF0088055E /* ViewController.swift in Sources */ = {isa = PBXBuildFile; fileRef = 9E90193123A0A1BF0088055E /* ViewController.swift */; };
		9E90193523A0A1BF0088055E /* Main.storyboard in Resources */ = {isa = PBXBuildFile; fileRef = 9E90193323A0A1BF0088055E /* Main.storyboard */; };
		9E90193723A0A1C00088055E /* Assets.xcassets in Resources */ = {isa = PBXBuildFile; fileRef = 9E90193623A0A1C00088055E /* Assets.xcassets */; };
		9E90193A23A0A1C00088055E /* LaunchScreen.storyboard in Resources */ = {isa = PBXBuildFile; fileRef = 9E90193823A0A1C00088055E /* LaunchScreen.storyboard */; };
		9E90194223A0A23A0088055E /* XTVideoMovie.swift in Sources */ = {isa = PBXBuildFile; fileRef = 9E90194123A0A23A0088055E /* XTVideoMovie.swift */; };
		9E90194423A0C7050088055E /* XTRenderView.swift in Sources */ = {isa = PBXBuildFile; fileRef = 9E90194323A0C7050088055E /* XTRenderView.swift */; };
		9E90194723A0CA5C0088055E /* Shader.metal in Sources */ = {isa = PBXBuildFile; fileRef = 9E90194523A0CA5C0088055E /* Shader.metal */; };
		9E90195123A0E9630088055E /* lut_abao.png in Resources */ = {isa = PBXBuildFile; fileRef = 9E90195023A0E9630088055E /* lut_abao.png */; };
		9E90195323A0EFC80088055E /* v0200f830000bngvvsj2ap95jt9tm5e0.MP4 in Resources */ = {isa = PBXBuildFile; fileRef = 9E90195223A0EFC80088055E /* v0200f830000bngvvsj2ap95jt9tm5e0.MP4 */; };
/* End PBXBuildFile section */

/* Begin PBXFileReference section */
		9E90192A23A0A1BF0088055E /* Metal-10(视频播放).app */ = {isa = PBXFileReference; explicitFileType = wrapper.application; includeInIndex = 0; path = "Metal-10(视频播放).app"; sourceTree = BUILT_PRODUCTS_DIR; };
		9E90192D23A0A1BF0088055E /* AppDelegate.swift */ = {isa = PBXFileReference; lastKnownFileType = sourcecode.swift; path = AppDelegate.swift; sourceTree = "<group>"; };
		9E90193123A0A1BF0088055E /* ViewController.swift */ = {isa = PBXFileReference; lastKnownFileType = sourcecode.swift; path = ViewController.swift; sourceTree = "<group>"; };
		9E90193423A0A1BF0088055E /* Base */ = {isa = PBXFileReference; lastKnownFileType = file.storyboard; name = Base; path = Base.lproj/Main.storyboard; sourceTree = "<group>"; };
		9E90193623A0A1C00088055E /* Assets.xcassets */ = {isa = PBXFileReference; lastKnownFileType = folder.assetcatalog; path = Assets.xcassets; sourceTree = "<group>"; };
		9E90193923A0A1C00088055E /* Base */ = {isa = PBXFileReference; lastKnownFileType = file.storyboard; name = Base; path = Base.lproj/LaunchScreen.storyboard; sourceTree = "<group>"; };
		9E90193B23A0A1C00088055E /* Info.plist */ = {isa = PBXFileReference; lastKnownFileType = text.plist.xml; path = Info.plist; sourceTree = "<group>"; };
		9E90194123A0A23A0088055E /* XTVideoMovie.swift */ = {isa = PBXFileReference; lastKnownFileType = sourcecode.swift; path = XTVideoMovie.swift; sourceTree = "<group>"; };
		9E90194323A0C7050088055E /* XTRenderView.swift */ = {isa = PBXFileReference; lastKnownFileType = sourcecode.swift; path = XTRenderView.swift; sourceTree = "<group>"; };
		9E90194523A0CA5C0088055E /* Shader.metal */ = {isa = PBXFileReference; fileEncoding = 4; lastKnownFileType = sourcecode.metal; path = Shader.metal; sourceTree = "<group>"; };
		9E90194623A0CA5C0088055E /* XTShaderType.h */ = {isa = PBXFileReference; fileEncoding = 4; lastKnownFileType = sourcecode.c.h; path = XTShaderType.h; sourceTree = "<group>"; };
		9E90194823A0CA720088055E /* Metal-10(视频播放)-Bridging-Header.h */ = {isa = PBXFileReference; lastKnownFileType = sourcecode.c.h; path = "Metal-10(视频播放)-Bridging-Header.h"; sourceTree = "<group>"; };
		9E90195023A0E9630088055E /* lut_abao.png */ = {isa = PBXFileReference; lastKnownFileType = image.png; path = lut_abao.png; sourceTree = "<group>"; };
		9E90195223A0EFC80088055E /* v0200f830000bngvvsj2ap95jt9tm5e0.MP4 */ = {isa = PBXFileReference; lastKnownFileType = file; path = v0200f830000bngvvsj2ap95jt9tm5e0.MP4; sourceTree = "<group>"; };
/* End PBXFileReference section */

/* Begin PBXFrameworksBuildPhase section */
		9E90192723A0A1BF0088055E /* Frameworks */ = {
			isa = PBXFrameworksBuildPhase;
			buildActionMask = 2147483647;
			files = (
			);
			runOnlyForDeploymentPostprocessing = 0;
		};
/* End PBXFrameworksBuildPhase section */

/* Begin PBXGroup section */
		9E90192123A0A1BF0088055E = {
			isa = PBXGroup;
			children = (
				9E90192C23A0A1BF0088055E /* Metal-10(视频播放) */,
				9E90192B23A0A1BF0088055E /* Products */,
			);
			sourceTree = "<group>";
		};
		9E90192B23A0A1BF0088055E /* Products */ = {
			isa = PBXGroup;
			children = (
				9E90192A23A0A1BF0088055E /* Metal-10(视频播放).app */,
			);
			name = Products;
			sourceTree = "<group>";
		};
		9E90192C23A0A1BF0088055E /* Metal-10(视频播放) */ = {
			isa = PBXGroup;
			children = (
				9E90195223A0EFC80088055E /* v0200f830000bngvvsj2ap95jt9tm5e0.MP4 */,
				9E90195023A0E9630088055E /* lut_abao.png */,
				9E90192D23A0A1BF0088055E /* AppDelegate.swift */,
				9E90193123A0A1BF0088055E /* ViewController.swift */,
				9E90194123A0A23A0088055E /* XTVideoMovie.swift */,
				9E90194323A0C7050088055E /* XTRenderView.swift */,
				9E90194523A0CA5C0088055E /* Shader.metal */,
				9E90194623A0CA5C0088055E /* XTShaderType.h */,
				9E90193323A0A1BF0088055E /* Main.storyboard */,
				9E90193623A0A1C00088055E /* Assets.xcassets */,
				9E90193823A0A1C00088055E /* LaunchScreen.storyboard */,
				9E90193B23A0A1C00088055E /* Info.plist */,
				9E90194823A0CA720088055E /* Metal-10(视频播放)-Bridging-Header.h */,
			);
			path = "Metal-10(视频播放)";
			sourceTree = "<group>";
		};
/* End PBXGroup section */

/* Begin PBXNativeTarget section */
		9E90192923A0A1BF0088055E /* Metal-10(视频播放) */ = {
			isa = PBXNativeTarget;
			buildConfigurationList = 9E90193E23A0A1C00088055E /* Build configuration list for PBXNativeTarget "Metal-10(视频播放)" */;
			buildPhases = (
				9E90192623A0A1BF0088055E /* Sources */,
				9E90192723A0A1BF0088055E /* Frameworks */,
				9E90192823A0A1BF0088055E /* Resources */,
			);
			buildRules = (
			);
			dependencies = (
			);
			name = "Metal-10(视频播放)";
			productName = "Metal-10(视频播放)";
			productReference = 9E90192A23A0A1BF0088055E /* Metal-10(视频播放).app */;
			productType = "com.apple.product-type.application";
		};
/* End PBXNativeTarget section */

/* Begin PBXProject section */
		9E90192223A0A1BF0088055E /* Project object */ = {
			isa = PBXProject;
			attributes = {
				LastSwiftUpdateCheck = 1110;
				LastUpgradeCheck = 1110;
				ORGANIZATIONNAME = xiong_tao;
				TargetAttributes = {
					9E90192923A0A1BF0088055E = {
						CreatedOnToolsVersion = 11.1;
						LastSwiftMigration = 1110;
					};
				};
			};
			buildConfigurationList = 9E90192523A0A1BF0088055E /* Build configuration list for PBXProject "Metal-10(视频播放)" */;
			compatibilityVersion = "Xcode 9.3";
			developmentRegion = en;
			hasScannedForEncodings = 0;
			knownRegions = (
				en,
				Base,
			);
			mainGroup = 9E90192123A0A1BF0088055E;
			productRefGroup = 9E90192B23A0A1BF0088055E /* Products */;
			projectDirPath = "";
			projectRoot = "";
			targets = (
				9E90192923A0A1BF0088055E /* Metal-10(视频播放) */,
			);
		};
/* End PBXProject section */

/* Begin PBXResourcesBuildPhase section */
		9E90192823A0A1BF0088055E /* Resources */ = {
			isa = PBXResourcesBuildPhase;
			buildActionMask = 2147483647;
			files = (
				9E90193A23A0A1C00088055E /* LaunchScreen.storyboard in Resources */,
				9E90195323A0EFC80088055E /* v0200f830000bngvvsj2ap95jt9tm5e0.MP4 in Resources */,
				9E90195123A0E9630088055E /* lut_abao.png in Resources */,
				9E90193723A0A1C00088055E /* Assets.xcassets in Resources */,
				9E90193523A0A1BF0088055E /* Main.storyboard in Resources */,
			);
			runOnlyForDeploymentPostprocessing = 0;
		};
/* End PBXResourcesBuildPhase section */

/* Begin PBXSourcesBuildPhase section */
		9E90192623A0A1BF0088055E /* Sources */ = {
			isa = PBXSourcesBuildPhase;
			buildActionMask = 2147483647;
			files = (
				9E90194723A0CA5C0088055E /* Shader.metal in Sources */,
				9E90194423A0C7050088055E /* XTRenderView.swift in Sources */,
				9E90194223A0A23A0088055E /* XTVideoMovie.swift in Sources */,
				9E90193223A0A1BF0088055E /* ViewController.swift in Sources */,
				9E90192E23A0A1BF0088055E /* AppDelegate.swift in Sources */,
			);
			runOnlyForDeploymentPostprocessing = 0;
		};
/* End PBXSourcesBuildPhase section */

/* Begin PBXVariantGroup section */
		9E90193323A0A1BF0088055E /* Main.storyboard */ = {
			isa = PBXVariantGroup;
			children = (
				9E90193423A0A1BF0088055E /* Base */,
			);
			name = Main.storyboard;
			sourceTree = "<group>";
		};
		9E90193823A0A1C00088055E /* LaunchScreen.storyboard */ = {
			isa = PBXVariantGroup;
			children = (
				9E90193923A0A1C00088055E /* Base */,
			);
			name = LaunchScreen.storyboard;
			sourceTree = "<group>";
		};
/* End PBXVariantGroup section */

/* Begin XCBuildConfiguration section */
		9E90193C23A0A1C00088055E /* Debug */ = {
			isa = XCBuildConfiguration;
			buildSettings = {
				ALWAYS_SEARCH_USER_PATHS = NO;
				CLANG_ANALYZER_NONNULL = YES;
				CLANG_ANALYZER_NUMBER_OBJECT_CONVERSION = YES_AGGRESSIVE;
				CLANG_CXX_LANGUAGE_STANDARD = "gnu++14";
				CLANG_CXX_LIBRARY = "libc++";
				CLANG_ENABLE_MODULES = YES;
				CLANG_ENABLE_OBJC_ARC = YES;
				CLANG_ENABLE_OBJC_WEAK = YES;
				CLANG_WARN_BLOCK_CAPTURE_AUTORELEASING = YES;
				CLANG_WARN_BOOL_CONVERSION = YES;
				CLANG_WARN_COMMA = YES;
				CLANG_WARN_CONSTANT_CONVERSION = YES;
				CLANG_WARN_DEPRECATED_OBJC_IMPLEMENTATIONS = YES;
				CLANG_WARN_DIRECT_OBJC_ISA_USAGE = YES_ERROR;
				CLANG_WARN_DOCUMENTATION_COMMENTS = YES;
				CLANG_WARN_EMPTY_BODY = YES;
				CLANG_WARN_ENUM_CONVERSION = YES;
				CLANG_WARN_INFINITE_RECURSION = YES;
				CLANG_WARN_INT_CONVERSION = YES;
				CLANG_WARN_NON_LITERAL_NULL_CONVERSION = YES;
				CLANG_WARN_OBJC_IMPLICIT_RETAIN_SELF = YES;
				CLANG_WARN_OBJC_LITERAL_CONVERSION = YES;
				CLANG_WARN_OBJC_ROOT_CLASS = YES_ERROR;
				CLANG_WARN_RANGE_LOOP_ANALYSIS = YES;
				CLANG_WARN_STRICT_PROTOTYPES = YES;
				CLANG_WARN_SUSPICIOUS_MOVE = YES;
				CLANG_WARN_UNGUARDED_AVAILABILITY = YES_AGGRESSIVE;
				CLANG_WARN_UNREACHABLE_CODE = YES;
				CLANG_WARN__DUPLICATE_METHOD_MATCH = YES;
				COPY_PHASE_STRIP = NO;
				DEBUG_INFORMATION_FORMAT = dwarf;
				ENABLE_STRICT_OBJC_MSGSEND = YES;
				ENABLE_TESTABILITY = YES;
				GCC_C_LANGUAGE_STANDARD = gnu11;
				GCC_DYNAMIC_NO_PIC = NO;
				GCC_NO_COMMON_BLOCKS = YES;
				GCC_OPTIMIZATION_LEVEL = 0;
				GCC_PREPROCESSOR_DEFINITIONS = (
					"DEBUG=1",
					"$(inherited)",
				);
				GCC_WARN_64_TO_32_BIT_CONVERSION = YES;
				GCC_WARN_ABOUT_RETURN_TYPE = YES_ERROR;
				GCC_WARN_UNDECLARED_SELECTOR = YES;
				GCC_WARN_UNINITIALIZED_AUTOS = YES_AGGRESSIVE;
				GCC_WARN_UNUSED_FUNCTION = YES;
				GCC_WARN_UNUSED_VARIABLE = YES;
				IPHONEOS_DEPLOYMENT_TARGET = 13.1;
				MTL_ENABLE_DEBUG_INFO = INCLUDE_SOURCE;
				MTL_FAST_MATH = YES;
				ONLY_ACTIVE_ARCH = YES;
				SDKROOT = iphoneos;
				SWIFT_ACTIVE_COMPILATION_CONDITIONS = DEBUG;
				SWIFT_OPTIMIZATION_LEVEL = "-Onone";
			};
			name = Debug;
		};
		9E90193D23A0A1C00088055E /* Release */ = {
			isa = XCBuildConfiguration;
			buildSettings = {
				ALWAYS_SEARCH_USER_PATHS = NO;
				CLANG_ANALYZER_NONNULL = YES;
				CLANG_ANALYZER_NUMBER_OBJECT_CONVERSION = YES_AGGRESSIVE;
				CLANG_CXX_LANGUAGE_STANDARD = "gnu++14";
				CLANG_CXX_LIBRARY = "libc++";
				CLANG_ENABLE_MODULES = YES;
				CLANG_ENABLE_OBJC_ARC = YES;
				CLANG_ENABLE_OBJC_WEAK = YES;
				CLANG_WARN_BLOCK_CAPTURE_AUTORELEASING = YES;
				CLANG_WARN_BOOL_CONVERSION = YES;
				CLANG_WARN_COMMA = YES;
				CLANG_WARN_CONSTANT_CONVERSION = YES;
				CLANG_WARN_DEPRECATED_OBJC_IMPLEMENTATIONS = YES;
				CLANG_WARN_DIRECT_OBJC_ISA_USAGE = YES_ERROR;
				CLANG_WARN_DOCUMENTATION_COMMENTS = YES;
				CLANG_WARN_EMPTY_BODY = YES;
				CLANG_WARN_ENUM_CONVERSION = YES;
				CLANG_WARN_INFINITE_RECURSION = YES;
				CLANG_WARN_INT_CONVERSION = YES;
				CLANG_WARN_NON_LITERAL_NULL_CONVERSION = YES;
				CLANG_WARN_OBJC_IMPLICIT_RETAIN_SELF = YES;
				CLANG_WARN_OBJC_LITERAL_CONVERSION = YES;
				CLANG_WARN_OBJC_ROOT_CLASS = YES_ERROR;
				CLANG_WARN_RANGE_LOOP_ANALYSIS = YES;
				CLANG_WARN_STRICT_PROTOTYPES = YES;
				CLANG_WARN_SUSPICIOUS_MOVE = YES;
				CLANG_WARN_UNGUARDED_AVAILABILITY = YES_AGGRESSIVE;
				CLANG_WARN_UNREACHABLE_CODE = YES;
				CLANG_WARN__DUPLICATE_METHOD_MATCH = YES;
				COPY_PHASE_STRIP = NO;
				DEBUG_INFORMATION_FORMAT = "dwarf-with-dsym";
				ENABLE_NS_ASSERTIONS = NO;
				ENABLE_STRICT_OBJC_MSGSEND = YES;
				GCC_C_LANGUAGE_STANDARD = gnu11;
				GCC_NO_COMMON_BLOCKS = YES;
				GCC_WARN_64_TO_32_BIT_CONVERSION = YES;
				GCC_WARN_ABOUT_RETURN_TYPE = YES_ERROR;
				GCC_WARN_UNDECLARED_SELECTOR = YES;
				GCC_WARN_UNINITIALIZED_AUTOS = YES_AGGRESSIVE;
				GCC_WARN_UNUSED_FUNCTION = YES;
				GCC_WARN_UNUSED_VARIABLE = YES;
				IPHONEOS_DEPLOYMENT_TARGET = 13.1;
				MTL_ENABLE_DEBUG_INFO = NO;
				MTL_FAST_MATH = YES;
				SDKROOT = iphoneos;
				SWIFT_COMPILATION_MODE = wholemodule;
				SWIFT_OPTIMIZATION_LEVEL = "-O";
				VALIDATE_PRODUCT = YES;
			};
			name = Release;
		};
		9E90193F23A0A1C00088055E /* Debug */ = {
			isa = XCBuildConfiguration;
			buildSettings = {
				ASSETCATALOG_COMPILER_APPICON_NAME = AppIcon;
				CLANG_ENABLE_MODULES = YES;
				CODE_SIGN_STYLE = Automatic;
				DEVELOPMENT_TEAM = 6XTF5Y3JV2;
				INFOPLIST_FILE = "Metal-10(视频播放)/Info.plist";
				IPHONEOS_DEPLOYMENT_TARGET = 12.0;
				LD_RUNPATH_SEARCH_PATHS = (
					"$(inherited)",
					"@executable_path/Frameworks",
				);
				PRODUCT_BUNDLE_IDENTIFIER = "xiong-tao.Metal-10------";
				PRODUCT_NAME = "$(TARGET_NAME)";
				SWIFT_OBJC_BRIDGING_HEADER = "Metal-10(视频播放)/Metal-10(视频播放)-Bridging-Header.h";
				SWIFT_OPTIMIZATION_LEVEL = "-Onone";
				SWIFT_VERSION = 5.0;
				TARGETED_DEVICE_FAMILY = "1,2";
			};
			name = Debug;
		};
		9E90194023A0A1C00088055E /* Release */ = {
			isa = XCBuildConfiguration;
			buildSettings = {
				ASSETCATALOG_COMPILER_APPICON_NAME = AppIcon;
				CLANG_ENABLE_MODULES = YES;
				CODE_SIGN_STYLE = Automatic;
				DEVELOPMENT_TEAM = 6XTF5Y3JV2;
				INFOPLIST_FILE = "Metal-10(视频播放)/Info.plist";
				IPHONEOS_DEPLOYMENT_TARGET = 12.0;
				LD_RUNPATH_SEARCH_PATHS = (
					"$(inherited)",
					"@executable_path/Frameworks",
				);
				PRODUCT_BUNDLE_IDENTIFIER = "xiong-tao.Metal-10------";
				PRODUCT_NAME = "$(TARGET_NAME)";
				SWIFT_OBJC_BRIDGING_HEADER = "Metal-10(视频播放)/Metal-10(视频播放)-Bridging-Header.h";
				SWIFT_VERSION = 5.0;
				TARGETED_DEVICE_FAMILY = "1,2";
			};
			name = Release;
		};
/* End XCBuildConfiguration section */

/* Begin XCConfigurationList section */
		9E90192523A0A1BF0088055E /* Build configuration list for PBXProject "Metal-10(视频播放)" */ = {
			isa = XCConfigurationList;
			buildConfigurations = (
				9E90193C23A0A1C00088055E /* Debug */,
				9E90193D23A0A1C00088055E /* Release */,
			);
			defaultConfigurationIsVisible = 0;
			defaultConfigurationName = Release;
		};
		9E90193E23A0A1C00088055E /* Build configuration list for PBXNativeTarget "Metal-10(视频播放)" */ = {
			isa = XCConfigurationList;
			buildConfigurations = (
				9E90193F23A0A1C00088055E /* Debug */,
				9E90194023A0A1C00088055E /* Release */,
			);
			defaultConfigurationIsVisible = 0;
			defaultConfigurationName = Release;
		};
/* End XCConfigurationList section */
	};
	rootObject = 9E90192223A0A1BF0088055E /* Project object */;
}
